// !$*UTF8*$!
{
	archiveVersion = 1;
	classes = {
	};
	objectVersion = 46;
	objects = {

/* Begin PBXBuildFile section */
		DB9A87662061108300B8C63C /* AppDelegate.swift in Sources */ = {isa = PBXBuildFile; fileRef = DB9A87652061108300B8C63C /* AppDelegate.swift */; };
		DB9A87682061108300B8C63C /* ViewController.swift in Sources */ = {isa = PBXBuildFile; fileRef = DB9A87672061108300B8C63C /* ViewController.swift */; };
		DB9A876B2061108300B8C63C /* Main.storyboard in Resources */ = {isa = PBXBuildFile; fileRef = DB9A87692061108300B8C63C /* Main.storyboard */; };
		DB9A876E2061108300B8C63C /* learning.xcdatamodeld in Sources */ = {isa = PBXBuildFile; fileRef = DB9A876C2061108300B8C63C /* learning.xcdatamodeld */; };
		DB9A87702061108300B8C63C /* Assets.xcassets in Resources */ = {isa = PBXBuildFile; fileRef = DB9A876F2061108300B8C63C /* Assets.xcassets */; };
		DB9A87732061108300B8C63C /* LaunchScreen.storyboard in Resources */ = {isa = PBXBuildFile; fileRef = DB9A87712061108300B8C63C /* LaunchScreen.storyboard */; };
		DB9A877E2061108400B8C63C /* learningTests.swift in Sources */ = {isa = PBXBuildFile; fileRef = DB9A877D2061108400B8C63C /* learningTests.swift */; };
		DB9A87892061108400B8C63C /* learningUITests.swift in Sources */ = {isa = PBXBuildFile; fileRef = DB9A87882061108400B8C63C /* learningUITests.swift */; };
/* End PBXBuildFile section */

/* Begin PBXContainerItemProxy section */
		DB9A877A2061108300B8C63C /* PBXContainerItemProxy */ = {
			isa = PBXContainerItemProxy;
			containerPortal = DB9A875A2061108300B8C63C /* Project object */;
			proxyType = 1;
			remoteGlobalIDString = DB9A87612061108300B8C63C;
			remoteInfo = learning;
		};
		DB9A87852061108400B8C63C /* PBXContainerItemProxy */ = {
			isa = PBXContainerItemProxy;
			containerPortal = DB9A875A2061108300B8C63C /* Project object */;
			proxyType = 1;
			remoteGlobalIDString = DB9A87612061108300B8C63C;
			remoteInfo = learning;
		};
/* End PBXContainerItemProxy section */

/* Begin PBXFileReference section */
		DB9A87622061108300B8C63C /* learning.app */ = {isa = PBXFileReference; explicitFileType = wrapper.application; includeInIndex = 0; path = learning.app; sourceTree = BUILT_PRODUCTS_DIR; };
		DB9A87652061108300B8C63C /* AppDelegate.swift */ = {isa = PBXFileReference; lastKnownFileType = sourcecode.swift; path = AppDelegate.swift; sourceTree = "<group>"; };
		DB9A87672061108300B8C63C /* ViewController.swift */ = {isa = PBXFileReference; lastKnownFileType = sourcecode.swift; path = ViewController.swift; sourceTree = "<group>"; };
		DB9A876A2061108300B8C63C /* Base */ = {isa = PBXFileReference; lastKnownFileType = file.storyboard; name = Base; path = Base.lproj/Main.storyboard; sourceTree = "<group>"; };
		DB9A876D2061108300B8C63C /* learning.xcdatamodel */ = {isa = PBXFileReference; lastKnownFileType = wrapper.xcdatamodel; path = learning.xcdatamodel; sourceTree = "<group>"; };
		DB9A876F2061108300B8C63C /* Assets.xcassets */ = {isa = PBXFileReference; lastKnownFileType = folder.assetcatalog; path = Assets.xcassets; sourceTree = "<group>"; };
		DB9A87722061108300B8C63C /* Base */ = {isa = PBXFileReference; lastKnownFileType = file.storyboard; name = Base; path = Base.lproj/LaunchScreen.storyboard; sourceTree = "<group>"; };
		DB9A87742061108300B8C63C /* Info.plist */ = {isa = PBXFileReference; lastKnownFileType = text.plist.xml; path = Info.plist; sourceTree = "<group>"; };
		DB9A87792061108300B8C63C /* learningTests.xctest */ = {isa = PBXFileReference; explicitFileType = wrapper.cfbundle; includeInIndex = 0; path = learningTests.xctest; sourceTree = BUILT_PRODUCTS_DIR; };
		DB9A877D2061108400B8C63C /* learningTests.swift */ = {isa = PBXFileReference; lastKnownFileType = sourcecode.swift; path = learningTests.swift; sourceTree = "<group>"; };
		DB9A877F2061108400B8C63C /* Info.plist */ = {isa = PBXFileReference; lastKnownFileType = text.plist.xml; path = Info.plist; sourceTree = "<group>"; };
		DB9A87842061108400B8C63C /* learningUITests.xctest */ = {isa = PBXFileReference; explicitFileType = wrapper.cfbundle; includeInIndex = 0; path = learningUITests.xctest; sourceTree = BUILT_PRODUCTS_DIR; };
		DB9A87882061108400B8C63C /* learningUITests.swift */ = {isa = PBXFileReference; lastKnownFileType = sourcecode.swift; path = learningUITests.swift; sourceTree = "<group>"; };
		DB9A878A2061108400B8C63C /* Info.plist */ = {isa = PBXFileReference; lastKnownFileType = text.plist.xml; path = Info.plist; sourceTree = "<group>"; };
/* End PBXFileReference section */

/* Begin PBXFrameworksBuildPhase section */
		DB9A875F2061108300B8C63C /* Frameworks */ = {
			isa = PBXFrameworksBuildPhase;
			buildActionMask = 2147483647;
			files = (
			);
			runOnlyForDeploymentPostprocessing = 0;
		};
		DB9A87762061108300B8C63C /* Frameworks */ = {
			isa = PBXFrameworksBuildPhase;
			buildActionMask = 2147483647;
			files = (
			);
			runOnlyForDeploymentPostprocessing = 0;
		};
		DB9A87812061108400B8C63C /* Frameworks */ = {
			isa = PBXFrameworksBuildPhase;
			buildActionMask = 2147483647;
			files = (
			);
			runOnlyForDeploymentPostprocessing = 0;
		};
/* End PBXFrameworksBuildPhase section */

/* Begin PBXGroup section */
		DB9A87592061108300B8C63C = {
			isa = PBXGroup;
			children = (
				DB9A87642061108300B8C63C /* learning */,
				DB9A877C2061108400B8C63C /* learningTests */,
				DB9A87872061108400B8C63C /* learningUITests */,
				DB9A87632061108300B8C63C /* Products */,
			);
			sourceTree = "<group>";
		};
		DB9A87632061108300B8C63C /* Products */ = {
			isa = PBXGroup;
			children = (
				DB9A87622061108300B8C63C /* learning.app */,
				DB9A87792061108300B8C63C /* learningTests.xctest */,
				DB9A87842061108400B8C63C /* learningUITests.xctest */,
			);
			name = Products;
			sourceTree = "<group>";
		};
		DB9A87642061108300B8C63C /* learning */ = {
			isa = PBXGroup;
			children = (
				DB9A87652061108300B8C63C /* AppDelegate.swift */,
				DB9A87672061108300B8C63C /* ViewController.swift */,
				DB9A87692061108300B8C63C /* Main.storyboard */,
				DB9A876F2061108300B8C63C /* Assets.xcassets */,
				DB9A87712061108300B8C63C /* LaunchScreen.storyboard */,
				DB9A87742061108300B8C63C /* Info.plist */,
				DB9A876C2061108300B8C63C /* learning.xcdatamodeld */,
			);
			path = learning;
			sourceTree = "<group>";
		};
		DB9A877C2061108400B8C63C /* learningTests */ = {
			isa = PBXGroup;
			children = (
				DB9A877D2061108400B8C63C /* learningTests.swift */,
				DB9A877F2061108400B8C63C /* Info.plist */,
			);
			path = learningTests;
			sourceTree = "<group>";
		};
		DB9A87872061108400B8C63C /* learningUITests */ = {
			isa = PBXGroup;
			children = (
				DB9A87882061108400B8C63C /* learningUITests.swift */,
				DB9A878A2061108400B8C63C /* Info.plist */,
			);
			path = learningUITests;
			sourceTree = "<group>";
		};
/* End PBXGroup section */

/* Begin PBXNativeTarget section */
		DB9A87612061108300B8C63C /* learning */ = {
			isa = PBXNativeTarget;
			buildConfigurationList = DB9A878D2061108400B8C63C /* Build configuration list for PBXNativeTarget "learning" */;
			buildPhases = (
				DB9A875E2061108300B8C63C /* Sources */,
				DB9A875F2061108300B8C63C /* Frameworks */,
				DB9A87602061108300B8C63C /* Resources */,
			);
			buildRules = (
			);
			dependencies = (
			);
			name = learning;
			productName = learning;
			productReference = DB9A87622061108300B8C63C /* learning.app */;
			productType = "com.apple.product-type.application";
		};
		DB9A87782061108300B8C63C /* learningTests */ = {
			isa = PBXNativeTarget;
			buildConfigurationList = DB9A87902061108400B8C63C /* Build configuration list for PBXNativeTarget "learningTests" */;
			buildPhases = (
				DB9A87752061108300B8C63C /* Sources */,
				DB9A87762061108300B8C63C /* Frameworks */,
				DB9A87772061108300B8C63C /* Resources */,
			);
			buildRules = (
			);
			dependencies = (
				DB9A877B2061108300B8C63C /* PBXTargetDependency */,
			);
			name = learningTests;
			productName = learningTests;
			productReference = DB9A87792061108300B8C63C /* learningTests.xctest */;
			productType = "com.apple.product-type.bundle.unit-test";
		};
		DB9A87832061108400B8C63C /* learningUITests */ = {
			isa = PBXNativeTarget;
			buildConfigurationList = DB9A87932061108400B8C63C /* Build configuration list for PBXNativeTarget "learningUITests" */;
			buildPhases = (
				DB9A87802061108400B8C63C /* Sources */,
				DB9A87812061108400B8C63C /* Frameworks */,
				DB9A87822061108400B8C63C /* Resources */,
			);
			buildRules = (
			);
			dependencies = (
				DB9A87862061108400B8C63C /* PBXTargetDependency */,
			);
			name = learningUITests;
			productName = learningUITests;
			productReference = DB9A87842061108400B8C63C /* learningUITests.xctest */;
			productType = "com.apple.product-type.bundle.ui-testing";
		};
/* End PBXNativeTarget section */

/* Begin PBXProject section */
		DB9A875A2061108300B8C63C /* Project object */ = {
			isa = PBXProject;
			attributes = {
				LastSwiftUpdateCheck = 0830;
				LastUpgradeCheck = 0830;
				ORGANIZATIONNAME = "anurag sharma";
				TargetAttributes = {
					DB9A87612061108300B8C63C = {
						CreatedOnToolsVersion = 8.3.2;
						ProvisioningStyle = Automatic;
					};
					DB9A87782061108300B8C63C = {
						CreatedOnToolsVersion = 8.3.2;
						ProvisioningStyle = Automatic;
						TestTargetID = DB9A87612061108300B8C63C;
					};
					DB9A87832061108400B8C63C = {
						CreatedOnToolsVersion = 8.3.2;
						ProvisioningStyle = Automatic;
						TestTargetID = DB9A87612061108300B8C63C;
					};
				};
			};
			buildConfigurationList = DB9A875D2061108300B8C63C /* Build configuration list for PBXProject "learning" */;
			compatibilityVersion = "Xcode 3.2";
			developmentRegion = English;
			hasScannedForEncodings = 0;
			knownRegions = (
				en,
				Base,
			);
			mainGroup = DB9A87592061108300B8C63C;
			productRefGroup = DB9A87632061108300B8C63C /* Products */;
			projectDirPath = "";
			projectRoot = "";
			targets = (
				DB9A87612061108300B8C63C /* learning */,
				DB9A87782061108300B8C63C /* learningTests */,
				DB9A87832061108400B8C63C /* learningUITests */,
			);
		};
/* End PBXProject section */

/* Begin PBXResourcesBuildPhase section */
		DB9A87602061108300B8C63C /* Resources */ = {
			isa = PBXResourcesBuildPhase;
			buildActionMask = 2147483647;
			files = (
				DB9A87732061108300B8C63C /* LaunchScreen.storyboard in Resources */,
				DB9A87702061108300B8C63C /* Assets.xcassets in Resources */,
				DB9A876B2061108300B8C63C /* Main.storyboard in Resources */,
			);
			runOnlyForDeploymentPostprocessing = 0;
		};
		DB9A87772061108300B8C63C /* Resources */ = {
			isa = PBXResourcesBuildPhase;
			buildActionMask = 2147483647;
			files = (
			);
			runOnlyForDeploymentPostprocessing = 0;
		};
		DB9A87822061108400B8C63C /* Resources */ = {
			isa = PBXResourcesBuildPhase;
			buildActionMask = 2147483647;
			files = (
			);
			runOnlyForDeploymentPostprocessing = 0;
		};
/* End PBXResourcesBuildPhase section */

/* Begin PBXSourcesBuildPhase section */
		DB9A875E2061108300B8C63C /* Sources */ = {
			isa = PBXSourcesBuildPhase;
			buildActionMask = 2147483647;
			files = (
				DB9A87682061108300B8C63C /* ViewController.swift in Sources */,
				DB9A876E2061108300B8C63C /* learning.xcdatamodeld in Sources */,
				DB9A87662061108300B8C63C /* AppDelegate.swift in Sources */,
			);
			runOnlyForDeploymentPostprocessing = 0;
		};
		DB9A87752061108300B8C63C /* Sources */ = {
			isa = PBXSourcesBuildPhase;
			buildActionMask = 2147483647;
			files = (
				DB9A877E2061108400B8C63C /* learningTests.swift in Sources */,
			);
			runOnlyForDeploymentPostprocessing = 0;
		};
		DB9A87802061108400B8C63C /* Sources */ = {
			isa = PBXSourcesBuildPhase;
			buildActionMask = 2147483647;
			files = (
				DB9A87892061108400B8C63C /* learningUITests.swift in Sources */,
			);
			runOnlyForDeploymentPostprocessing = 0;
		};
/* End PBXSourcesBuildPhase section */

/* Begin PBXTargetDependency section */
		DB9A877B2061108300B8C63C /* PBXTargetDependency */ = {
			isa = PBXTargetDependency;
			target = DB9A87612061108300B8C63C /* learning */;
			targetProxy = DB9A877A2061108300B8C63C /* PBXContainerItemProxy */;
		};
		DB9A87862061108400B8C63C /* PBXTargetDependency */ = {
			isa = PBXTargetDependency;
			target = DB9A87612061108300B8C63C /* learning */;
			targetProxy = DB9A87852061108400B8C63C /* PBXContainerItemProxy */;
		};
/* End PBXTargetDependency section */

/* Begin PBXVariantGroup section */
		DB9A87692061108300B8C63C /* Main.storyboard */ = {
			isa = PBXVariantGroup;
			children = (
				DB9A876A2061108300B8C63C /* Base */,
			);
			name = Main.storyboard;
			sourceTree = "<group>";
		};
		DB9A87712061108300B8C63C /* LaunchScreen.storyboard */ = {
			isa = PBXVariantGroup;
			children = (
				DB9A87722061108300B8C63C /* Base */,
			);
			name = LaunchScreen.storyboard;
			sourceTree = "<group>";
		};
/* End PBXVariantGroup section */

/* Begin XCBuildConfiguration section */
		DB9A878B2061108400B8C63C /* Debug */ = {
			isa = XCBuildConfiguration;
			buildSettings = {
				ALWAYS_SEARCH_USER_PATHS = NO;
				CLANG_ANALYZER_NONNULL = YES;
				CLANG_ANALYZER_NUMBER_OBJECT_CONVERSION = YES_AGGRESSIVE;
				CLANG_CXX_LANGUAGE_STANDARD = "gnu++0x";
				CLANG_CXX_LIBRARY = "libc++";
				CLANG_ENABLE_MODULES = YES;
				CLANG_ENABLE_OBJC_ARC = YES;
				CLANG_WARN_BOOL_CONVERSION = YES;
				CLANG_WARN_CONSTANT_CONVERSION = YES;
				CLANG_WARN_DIRECT_OBJC_ISA_USAGE = YES_ERROR;
				CLANG_WARN_DOCUMENTATION_COMMENTS = YES;
				CLANG_WARN_EMPTY_BODY = YES;
				CLANG_WARN_ENUM_CONVERSION = YES;
				CLANG_WARN_INFINITE_RECURSION = YES;
				CLANG_WARN_INT_CONVERSION = YES;
				CLANG_WARN_OBJC_ROOT_CLASS = YES_ERROR;
				CLANG_WARN_SUSPICIOUS_MOVE = YES;
				CLANG_WARN_UNREACHABLE_CODE = YES;
				CLANG_WARN__DUPLICATE_METHOD_MATCH = YES;
				"CODE_SIGN_IDENTITY[sdk=iphoneos*]" = "iPhone Developer";
				COPY_PHASE_STRIP = NO;
				DEBUG_INFORMATION_FORMAT = dwarf;
				ENABLE_STRICT_OBJC_MSGSEND = YES;
				ENABLE_TESTABILITY = YES;
				GCC_C_LANGUAGE_STANDARD = gnu99;
				GCC_DYNAMIC_NO_PIC = NO;
				GCC_NO_COMMON_BLOCKS = YES;
				GCC_OPTIMIZATION_LEVEL = 0;
				GCC_PREPROCESSOR_DEFINITIONS = (
					"DEBUG=1",
					"$(inherited)",
				);
				GCC_WARN_64_TO_32_BIT_CONVERSION = YES;
				GCC_WARN_ABOUT_RETURN_TYPE = YES_ERROR;
				GCC_WARN_UNDECLARED_SELECTOR = YES;
				GCC_WARN_UNINITIALIZED_AUTOS = YES_AGGRESSIVE;
				GCC_WARN_UNUSED_FUNCTION = YES;
				GCC_WARN_UNUSED_VARIABLE = YES;
				IPHONEOS_DEPLOYMENT_TARGET = 10.3;
				MTL_ENABLE_DEBUG_INFO = YES;
				ONLY_ACTIVE_ARCH = YES;
				SDKROOT = iphoneos;
				SWIFT_ACTIVE_COMPILATION_CONDITIONS = DEBUG;
				SWIFT_OPTIMIZATION_LEVEL = "-Onone";
			};
			name = Debug;
		};
		DB9A878C2061108400B8C63C /* Release */ = {
			isa = XCBuildConfiguration;
			buildSettings = {
				ALWAYS_SEARCH_USER_PATHS = NO;
				CLANG_ANALYZER_NONNULL = YES;
				CLANG_ANALYZER_NUMBER_OBJECT_CONVERSION = YES_AGGRESSIVE;
				CLANG_CXX_LANGUAGE_STANDARD = "gnu++0x";
				CLANG_CXX_LIBRARY = "libc++";
				CLANG_ENABLE_MODULES = YES;
				CLANG_ENABLE_OBJC_ARC = YES;
				CLANG_WARN_BOOL_CONVERSION = YES;
				CLANG_WARN_CONSTANT_CONVERSION = YES;
				CLANG_WARN_DIRECT_OBJC_ISA_USAGE = YES_ERROR;
				CLANG_WARN_DOCUMENTATION_COMMENTS = YES;
				CLANG_WARN_EMPTY_BODY = YES;
				CLANG_WARN_ENUM_CONVERSION = YES;
				CLANG_WARN_INFINITE_RECURSION = YES;
				CLANG_WARN_INT_CONVERSION = YES;
				CLANG_WARN_OBJC_ROOT_CLASS = YES_ERROR;
				CLANG_WARN_SUSPICIOUS_MOVE = YES;
				CLANG_WARN_UNREACHABLE_CODE = YES;
				CLANG_WARN__DUPLICATE_METHOD_MATCH = YES;
				"CODE_SIGN_IDENTITY[sdk=iphoneos*]" = "iPhone Developer";
				COPY_PHASE_STRIP = NO;
				DEBUG_INFORMATION_FORMAT = "dwarf-with-dsym";
				ENABLE_NS_ASSERTIONS = NO;
				ENABLE_STRICT_OBJC_MSGSEND = YES;
				GCC_C_LANGUAGE_STANDARD = gnu99;
				GCC_NO_COMMON_BLOCKS = YES;
				GCC_WARN_64_TO_32_BIT_CONVERSION = YES;
				GCC_WARN_ABOUT_RETURN_TYPE = YES_ERROR;
				GCC_WARN_UNDECLARED_SELECTOR = YES;
				GCC_WARN_UNINITIALIZED_AUTOS = YES_AGGRESSIVE;
				GCC_WARN_UNUSED_FUNCTION = YES;
				GCC_WARN_UNUSED_VARIABLE = YES;
				IPHONEOS_DEPLOYMENT_TARGET = 10.3;
				MTL_ENABLE_DEBUG_INFO = NO;
				SDKROOT = iphoneos;
				SWIFT_OPTIMIZATION_LEVEL = "-Owholemodule";
				VALIDATE_PRODUCT = YES;
			};
			name = Release;
		};
		DB9A878E2061108400B8C63C /* Debug */ = {
			isa = XCBuildConfiguration;
			buildSettings = {
				ASSETCATALOG_COMPILER_APPICON_NAME = AppIcon;
				INFOPLIST_FILE = learning/Info.plist;
				LD_RUNPATH_SEARCH_PATHS = "$(inherited) @executable_path/Frameworks";
				PRODUCT_BUNDLE_IDENTIFIER = com.anutheriddle.learning.learning;
				PRODUCT_NAME = "$(TARGET_NAME)";
				SWIFT_VERSION = 3.0;
			};
			name = Debug;
		};
		DB9A878F2061108400B8C63C /* Release */ = {
			isa = XCBuildConfiguration;
			buildSettings = {
				ASSETCATALOG_COMPILER_APPICON_NAME = AppIcon;
				INFOPLIST_FILE = learning/Info.plist;
				LD_RUNPATH_SEARCH_PATHS = "$(inherited) @executable_path/Frameworks";
				PRODUCT_BUNDLE_IDENTIFIER = com.anutheriddle.learning.learning;
				PRODUCT_NAME = "$(TARGET_NAME)";
				SWIFT_VERSION = 3.0;
			};
			name = Release;
		};
		DB9A87912061108400B8C63C /* Debug */ = {
			isa = XCBuildConfiguration;
			buildSettings = {
				ALWAYS_EMBED_SWIFT_STANDARD_LIBRARIES = YES;
				BUNDLE_LOADER = "$(TEST_HOST)";
				INFOPLIST_FILE = learningTests/Info.plist;
				LD_RUNPATH_SEARCH_PATHS = "$(inherited) @executable_path/Frameworks @loader_path/Frameworks";
				PRODUCT_BUNDLE_IDENTIFIER = com.anutheriddle.learning.learningTests;
				PRODUCT_NAME = "$(TARGET_NAME)";
				SWIFT_VERSION = 3.0;
				TEST_HOST = "$(BUILT_PRODUCTS_DIR)/learning.app/learning";
			};
			name = Debug;
		};
		DB9A87922061108400B8C63C /* Release */ = {
			isa = XCBuildConfiguration;
			buildSettings = {
				ALWAYS_EMBED_SWIFT_STANDARD_LIBRARIES = YES;
				BUNDLE_LOADER = "$(TEST_HOST)";
				INFOPLIST_FILE = learningTests/Info.plist;
				LD_RUNPATH_SEARCH_PATHS = "$(inherited) @executable_path/Frameworks @loader_path/Frameworks";
				PRODUCT_BUNDLE_IDENTIFIER = com.anutheriddle.learning.learningTests;
				PRODUCT_NAME = "$(TARGET_NAME)";
				SWIFT_VERSION = 3.0;
				TEST_HOST = "$(BUILT_PRODUCTS_DIR)/learning.app/learning";
			};
			name = Release;
		};
		DB9A87942061108400B8C63C /* Debug */ = {
			isa = XCBuildConfiguration;
			buildSettings = {
				ALWAYS_EMBED_SWIFT_STANDARD_LIBRARIES = YES;
				INFOPLIST_FILE = learningUITests/Info.plist;
				LD_RUNPATH_SEARCH_PATHS = "$(inherited) @executable_path/Frameworks @loader_path/Frameworks";
				PRODUCT_BUNDLE_IDENTIFIER = com.anutheriddle.learning.learningUITests;
				PRODUCT_NAME = "$(TARGET_NAME)";
				SWIFT_VERSION = 3.0;
				TEST_TARGET_NAME = learning;
			};
			name = Debug;
		};
		DB9A87952061108400B8C63C /* Release */ = {
			isa = XCBuildConfiguration;
			buildSettings = {
				ALWAYS_EMBED_SWIFT_STANDARD_LIBRARIES = YES;
				INFOPLIST_FILE = learningUITests/Info.plist;
				LD_RUNPATH_SEARCH_PATHS = "$(inherited) @executable_path/Frameworks @loader_path/Frameworks";
				PRODUCT_BUNDLE_IDENTIFIER = com.anutheriddle.learning.learningUITests;
				PRODUCT_NAME = "$(TARGET_NAME)";
				SWIFT_VERSION = 3.0;
				TEST_TARGET_NAME = learning;
			};
			name = Release;
		};
/* End XCBuildConfiguration section */

/* Begin XCConfigurationList section */
		DB9A875D2061108300B8C63C /* Build configuration list for PBXProject "learning" */ = {
			isa = XCConfigurationList;
			buildConfigurations = (
				DB9A878B2061108400B8C63C /* Debug */,
				DB9A878C2061108400B8C63C /* Release */,
			);
			defaultConfigurationIsVisible = 0;
			defaultConfigurationName = Release;
		};
		DB9A878D2061108400B8C63C /* Build configuration list for PBXNativeTarget "learning" */ = {
			isa = XCConfigurationList;
			buildConfigurations = (
				DB9A878E2061108400B8C63C /* Debug */,
				DB9A878F2061108400B8C63C /* Release */,
			);
			defaultConfigurationIsVisible = 0;
		};
		DB9A87902061108400B8C63C /* Build configuration list for PBXNativeTarget "learningTests" */ = {
			isa = XCConfigurationList;
			buildConfigurations = (
				DB9A87912061108400B8C63C /* Debug */,
				DB9A87922061108400B8C63C /* Release */,
			);
			defaultConfigurationIsVisible = 0;
		};
		DB9A87932061108400B8C63C /* Build configuration list for PBXNativeTarget "learningUITests" */ = {
			isa = XCConfigurationList;
			buildConfigurations = (
				DB9A87942061108400B8C63C /* Debug */,
				DB9A87952061108400B8C63C /* Release */,
			);
			defaultConfigurationIsVisible = 0;
		};
/* End XCConfigurationList section */

/* Begin XCVersionGroup section */
		DB9A876C2061108300B8C63C /* learning.xcdatamodeld */ = {
			isa = XCVersionGroup;
			children = (
				DB9A876D2061108300B8C63C /* learning.xcdatamodel */,
			);
			currentVersion = DB9A876D2061108300B8C63C /* learning.xcdatamodel */;
			path = learning.xcdatamodeld;
			sourceTree = "<group>";
			versionGroupType = wrapper.xcdatamodel;
		};
/* End XCVersionGroup section */
	};
	rootObject = DB9A875A2061108300B8C63C /* Project object */;
}
